{
  "object": {
    "pins": [
      {
        "package": "Alamofire",
        "repositoryURL": "https://github.com/Alamofire/Alamofire.git",
        "state": {
          "branch": null,
          "revision": "f82c23a8a7ef8dc1a49a8bfc6a96883e79121864",
          "version": "5.5.0"
        }
      },
      {
        "package": "ghgungnircore",
        "repositoryURL": "https://gitlab.com/styme1/mobile/ios/dependencies/ghgungnircore.git",
        "state": {
          "branch": "main",
          "revision": "04e38ffbc692b1c5cd0e5084066d795796b25e1a",
          "version": null
        }
      }
    ]
  },
  "version": 1
}
